
Microsoft Visual Studio Solution File, Format Version 12.00
# Visual Studio Version 16
VisualStudioVersion = 16.0.31410.357
MinimumVisualStudioVersion = 10.0.40219.1
Project("{FAE04EC0-301F-11D3-BF4B-00C04F79EFBC}") = "DreamCar.Web", "DreamCar\DreamCar.Web.csproj", "{121491ED-3442-4AC1-A11F-CEA3AF31825F}"
EndProject
Project("{FAE04EC0-301F-11D3-BF4B-00C04F79EFBC}") = "DreamCar.DAL", "DreamCar.DAL\DreamCar.DAL.csproj", "{D88F2737-6100-4325-BEB4-7656056DB6ED}"
EndProject
Project("{FAE04EC0-301F-11D3-BF4B-00C04F79EFBC}") = "DreamCar.Model", "DreamCar.Model\DreamCar.Model.csproj", "{984F06DD-954D-4553-952F-00381432641B}"
EndProject
Project("{FAE04EC0-301F-11D3-BF4B-00C04F79EFBC}") = "DreamCar.Services", "DreamCar.Services\DreamCar.Services.csproj", "{CE03E18B-4FC7-43C4-90E1-1A037F304F95}"
EndProject
Project("{FAE04EC0-301F-11D3-BF4B-00C04F79EFBC}") = "DreamCar.ViewModels", "DreamCar.ViewModels\DreamCar.ViewModels.csproj", "{EF5AA134-D826-4596-A5B2-A7153007513D}"
EndProject
Global
	GlobalSection(SolutionConfigurationPlatforms) = preSolution
		Debug|Any CPU = Debug|Any CPU
		Release|Any CPU = Release|Any CPU
	EndGlobalSection
	GlobalSection(ProjectConfigurationPlatforms) = postSolution
		{121491ED-3442-4AC1-A11F-CEA3AF31825F}.Debug|Any CPU.ActiveCfg = Debug|Any CPU
		{121491ED-3442-4AC1-A11F-CEA3AF31825F}.Debug|Any CPU.Build.0 = Debug|Any CPU
		{121491ED-3442-4AC1-A11F-CEA3AF31825F}.Release|Any CPU.ActiveCfg = Release|Any CPU
		{121491ED-3442-4AC1-A11F-CEA3AF31825F}.Release|Any CPU.Build.0 = Release|Any CPU
		{D88F2737-6100-4325-BEB4-7656056DB6ED}.Debug|Any CPU.ActiveCfg = Debug|Any CPU
		{D88F2737-6100-4325-BEB4-7656056DB6ED}.Debug|Any CPU.Build.0 = Debug|Any CPU
		{D88F2737-6100-4325-BEB4-7656056DB6ED}.Release|Any CPU.ActiveCfg = Release|Any CPU
		{D88F2737-6100-4325-BEB4-7656056DB6ED}.Release|Any CPU.Build.0 = Release|Any CPU
		{984F06DD-954D-4553-952F-00381432641B}.Debug|Any CPU.ActiveCfg = Debug|Any CPU
		{984F06DD-954D-4553-952F-00381432641B}.Debug|Any CPU.Build.0 = Debug|Any CPU
		{984F06DD-954D-4553-952F-00381432641B}.Release|Any CPU.ActiveCfg = Release|Any CPU
		{984F06DD-954D-4553-952F-00381432641B}.Release|Any CPU.Build.0 = Release|Any CPU
		{CE03E18B-4FC7-43C4-90E1-1A037F304F95}.Debug|Any CPU.ActiveCfg = Debug|Any CPU
		{CE03E18B-4FC7-43C4-90E1-1A037F304F95}.Debug|Any CPU.Build.0 = Debug|Any CPU
		{CE03E18B-4FC7-43C4-90E1-1A037F304F95}.Release|Any CPU.ActiveCfg = Release|Any CPU
		{CE03E18B-4FC7-43C4-90E1-1A037F304F95}.Release|Any CPU.Build.0 = Release|Any CPU
		{EF5AA134-D826-4596-A5B2-A7153007513D}.Debug|Any CPU.ActiveCfg = Debug|Any CPU
		{EF5AA134-D826-4596-A5B2-A7153007513D}.Debug|Any CPU.Build.0 = Debug|Any CPU
		{EF5AA134-D826-4596-A5B2-A7153007513D}.Release|Any CPU.ActiveCfg = Release|Any CPU
		{EF5AA134-D826-4596-A5B2-A7153007513D}.Release|Any CPU.Build.0 = Release|Any CPU
	EndGlobalSection
	GlobalSection(SolutionProperties) = preSolution
		HideSolutionNode = FALSE
	EndGlobalSection
	GlobalSection(ExtensibilityGlobals) = postSolution
		SolutionGuid = {C4E582B0-FED4-464F-B039-59854B5B9B2B}
	EndGlobalSection
EndGlobal
